// !$*UTF8*$!
{
	archiveVersion = 1;
	classes = {
	};
	objectVersion = 48;
	objects = {

/* Begin PBXBuildFile section */
		CEAC4EF51F4EB4CC00AA50B8 /* AppDelegate.swift in Sources */ = {isa = PBXBuildFile; fileRef = CEAC4EF41F4EB4CC00AA50B8 /* AppDelegate.swift */; };
		CEAC4EF71F4EB4CC00AA50B8 /* RootViewController.swift in Sources */ = {isa = PBXBuildFile; fileRef = CEAC4EF61F4EB4CC00AA50B8 /* RootViewController.swift */; };
		CEAC4EF91F4EB4CC00AA50B8 /* DataViewController.swift in Sources */ = {isa = PBXBuildFile; fileRef = CEAC4EF81F4EB4CC00AA50B8 /* DataViewController.swift */; };
		CEAC4EFB1F4EB4CC00AA50B8 /* ModelController.swift in Sources */ = {isa = PBXBuildFile; fileRef = CEAC4EFA1F4EB4CC00AA50B8 /* ModelController.swift */; };
		CEAC4EFE1F4EB4CC00AA50B8 /* Main.storyboard in Resources */ = {isa = PBXBuildFile; fileRef = CEAC4EFC1F4EB4CC00AA50B8 /* Main.storyboard */; };
		CEAC4F001F4EB4CC00AA50B8 /* Assets.xcassets in Resources */ = {isa = PBXBuildFile; fileRef = CEAC4EFF1F4EB4CC00AA50B8 /* Assets.xcassets */; };
		CEAC4F031F4EB4CC00AA50B8 /* LaunchScreen.storyboard in Resources */ = {isa = PBXBuildFile; fileRef = CEAC4F011F4EB4CC00AA50B8 /* LaunchScreen.storyboard */; };
/* End PBXBuildFile section */

/* Begin PBXFileReference section */
		CEAC4EF11F4EB4CC00AA50B8 /* ZeroSeconds.app */ = {isa = PBXFileReference; explicitFileType = wrapper.application; includeInIndex = 0; path = ZeroSeconds.app; sourceTree = BUILT_PRODUCTS_DIR; };
		CEAC4EF41F4EB4CC00AA50B8 /* AppDelegate.swift */ = {isa = PBXFileReference; lastKnownFileType = sourcecode.swift; path = AppDelegate.swift; sourceTree = "<group>"; };
		CEAC4EF61F4EB4CC00AA50B8 /* RootViewController.swift */ = {isa = PBXFileReference; lastKnownFileType = sourcecode.swift; path = RootViewController.swift; sourceTree = "<group>"; };
		CEAC4EF81F4EB4CC00AA50B8 /* DataViewController.swift */ = {isa = PBXFileReference; lastKnownFileType = sourcecode.swift; path = DataViewController.swift; sourceTree = "<group>"; };
		CEAC4EFA1F4EB4CC00AA50B8 /* ModelController.swift */ = {isa = PBXFileReference; lastKnownFileType = sourcecode.swift; path = ModelController.swift; sourceTree = "<group>"; };
		CEAC4EFD1F4EB4CC00AA50B8 /* Base */ = {isa = PBXFileReference; lastKnownFileType = file.storyboard; name = Base; path = Base.lproj/Main.storyboard; sourceTree = "<group>"; };
		CEAC4EFF1F4EB4CC00AA50B8 /* Assets.xcassets */ = {isa = PBXFileReference; lastKnownFileType = folder.assetcatalog; path = Assets.xcassets; sourceTree = "<group>"; };
		CEAC4F021F4EB4CC00AA50B8 /* Base */ = {isa = PBXFileReference; lastKnownFileType = file.storyboard; name = Base; path = Base.lproj/LaunchScreen.storyboard; sourceTree = "<group>"; };
		CEAC4F041F4EB4CC00AA50B8 /* Info.plist */ = {isa = PBXFileReference; lastKnownFileType = text.plist.xml; path = Info.plist; sourceTree = "<group>"; };
/* End PBXFileReference section */

/* Begin PBXFrameworksBuildPhase section */
		CEAC4EEE1F4EB4CC00AA50B8 /* Frameworks */ = {
			isa = PBXFrameworksBuildPhase;
			buildActionMask = 2147483647;
			files = (
			);
			runOnlyForDeploymentPostprocessing = 0;
		};
/* End PBXFrameworksBuildPhase section */

/* Begin PBXGroup section */
		CEAC4EE81F4EB4CC00AA50B8 = {
			isa = PBXGroup;
			children = (
				CEAC4EF31F4EB4CC00AA50B8 /* ZeroSeconds */,
				CEAC4EF21F4EB4CC00AA50B8 /* Products */,
			);
			sourceTree = "<group>";
		};
		CEAC4EF21F4EB4CC00AA50B8 /* Products */ = {
			isa = PBXGroup;
			children = (
				CEAC4EF11F4EB4CC00AA50B8 /* ZeroSeconds.app */,
			);
			name = Products;
			sourceTree = "<group>";
		};
		CEAC4EF31F4EB4CC00AA50B8 /* ZeroSeconds */ = {
			isa = PBXGroup;
			children = (
				CEAC4EF41F4EB4CC00AA50B8 /* AppDelegate.swift */,
				CEAC4EF61F4EB4CC00AA50B8 /* RootViewController.swift */,
				CEAC4EF81F4EB4CC00AA50B8 /* DataViewController.swift */,
				CEAC4EFA1F4EB4CC00AA50B8 /* ModelController.swift */,
				CEAC4EFC1F4EB4CC00AA50B8 /* Main.storyboard */,
				CEAC4EFF1F4EB4CC00AA50B8 /* Assets.xcassets */,
				CEAC4F011F4EB4CC00AA50B8 /* LaunchScreen.storyboard */,
				CEAC4F041F4EB4CC00AA50B8 /* Info.plist */,
			);
			path = ZeroSeconds;
			sourceTree = "<group>";
		};
/* End PBXGroup section */

/* Begin PBXNativeTarget section */
		CEAC4EF01F4EB4CC00AA50B8 /* ZeroSeconds */ = {
			isa = PBXNativeTarget;
			buildConfigurationList = CEAC4F071F4EB4CC00AA50B8 /* Build configuration list for PBXNativeTarget "ZeroSeconds" */;
			buildPhases = (
				CEAC4EED1F4EB4CC00AA50B8 /* Sources */,
				CEAC4EEE1F4EB4CC00AA50B8 /* Frameworks */,
				CEAC4EEF1F4EB4CC00AA50B8 /* Resources */,
			);
			buildRules = (
			);
			dependencies = (
			);
			name = ZeroSeconds;
			productName = ZeroSeconds;
			productReference = CEAC4EF11F4EB4CC00AA50B8 /* ZeroSeconds.app */;
			productType = "com.apple.product-type.application";
		};
/* End PBXNativeTarget section */

/* Begin PBXProject section */
		CEAC4EE91F4EB4CC00AA50B8 /* Project object */ = {
			isa = PBXProject;
			attributes = {
				LastSwiftUpdateCheck = 0900;
				LastUpgradeCheck = 0900;
				ORGANIZATIONNAME = ebarer;
				TargetAttributes = {
					CEAC4EF01F4EB4CC00AA50B8 = {
						CreatedOnToolsVersion = 9.0;
						ProvisioningStyle = Automatic;
					};
				};
			};
			buildConfigurationList = CEAC4EEC1F4EB4CC00AA50B8 /* Build configuration list for PBXProject "ZeroSeconds" */;
			compatibilityVersion = "Xcode 8.0";
			developmentRegion = en;
			hasScannedForEncodings = 0;
			knownRegions = (
				en,
				Base,
			);
			mainGroup = CEAC4EE81F4EB4CC00AA50B8;
			productRefGroup = CEAC4EF21F4EB4CC00AA50B8 /* Products */;
			projectDirPath = "";
			projectRoot = "";
			targets = (
				CEAC4EF01F4EB4CC00AA50B8 /* ZeroSeconds */,
			);
		};
/* End PBXProject section */

/* Begin PBXResourcesBuildPhase section */
		CEAC4EEF1F4EB4CC00AA50B8 /* Resources */ = {
			isa = PBXResourcesBuildPhase;
			buildActionMask = 2147483647;
			files = (
				CEAC4F031F4EB4CC00AA50B8 /* LaunchScreen.storyboard in Resources */,
				CEAC4F001F4EB4CC00AA50B8 /* Assets.xcassets in Resources */,
				CEAC4EFE1F4EB4CC00AA50B8 /* Main.storyboard in Resources */,
			);
			runOnlyForDeploymentPostprocessing = 0;
		};
/* End PBXResourcesBuildPhase section */

/* Begin PBXSourcesBuildPhase section */
		CEAC4EED1F4EB4CC00AA50B8 /* Sources */ = {
			isa = PBXSourcesBuildPhase;
			buildActionMask = 2147483647;
			files = (
				CEAC4EF71F4EB4CC00AA50B8 /* RootViewController.swift in Sources */,
				CEAC4EFB1F4EB4CC00AA50B8 /* ModelController.swift in Sources */,
				CEAC4EF91F4EB4CC00AA50B8 /* DataViewController.swift in Sources */,
				CEAC4EF51F4EB4CC00AA50B8 /* AppDelegate.swift in Sources */,
			);
			runOnlyForDeploymentPostprocessing = 0;
		};
/* End PBXSourcesBuildPhase section */

/* Begin PBXVariantGroup section */
		CEAC4EFC1F4EB4CC00AA50B8 /* Main.storyboard */ = {
			isa = PBXVariantGroup;
			children = (
				CEAC4EFD1F4EB4CC00AA50B8 /* Base */,
			);
			name = Main.storyboard;
			sourceTree = "<group>";
		};
		CEAC4F011F4EB4CC00AA50B8 /* LaunchScreen.storyboard */ = {
			isa = PBXVariantGroup;
			children = (
				CEAC4F021F4EB4CC00AA50B8 /* Base */,
			);
			name = LaunchScreen.storyboard;
			sourceTree = "<group>";
		};
/* End PBXVariantGroup section */

/* Begin XCBuildConfiguration section */
		CEAC4F051F4EB4CC00AA50B8 /* Debug */ = {
			isa = XCBuildConfiguration;
			buildSettings = {
				ALWAYS_SEARCH_USER_PATHS = NO;
				CLANG_ANALYZER_NONNULL = YES;
				CLANG_ANALYZER_NUMBER_OBJECT_CONVERSION = YES_AGGRESSIVE;
				CLANG_CXX_LANGUAGE_STANDARD = "gnu++14";
				CLANG_CXX_LIBRARY = "libc++";
				CLANG_ENABLE_MODULES = YES;
				CLANG_ENABLE_OBJC_ARC = YES;
				CLANG_WARN_BLOCK_CAPTURE_AUTORELEASING = YES;
				CLANG_WARN_BOOL_CONVERSION = YES;
				CLANG_WARN_COMMA = YES;
				CLANG_WARN_CONSTANT_CONVERSION = YES;
				CLANG_WARN_DIRECT_OBJC_ISA_USAGE = YES_ERROR;
				CLANG_WARN_DOCUMENTATION_COMMENTS = YES;
				CLANG_WARN_EMPTY_BODY = YES;
				CLANG_WARN_ENUM_CONVERSION = YES;
				CLANG_WARN_INFINITE_RECURSION = YES;
				CLANG_WARN_INT_CONVERSION = YES;
				CLANG_WARN_NON_LITERAL_NULL_CONVERSION = YES;
				CLANG_WARN_OBJC_LITERAL_CONVERSION = YES;
				CLANG_WARN_OBJC_ROOT_CLASS = YES_ERROR;
				CLANG_WARN_RANGE_LOOP_ANALYSIS = YES;
				CLANG_WARN_STRICT_PROTOTYPES = YES;
				CLANG_WARN_SUSPICIOUS_MOVE = YES;
				CLANG_WARN_UNGUARDED_AVAILABILITY = YES_AGGRESSIVE;
				CLANG_WARN_UNREACHABLE_CODE = YES;
				CLANG_WARN__DUPLICATE_METHOD_MATCH = YES;
				CODE_SIGN_IDENTITY = "iPhone Developer";
				COPY_PHASE_STRIP = NO;
				DEBUG_INFORMATION_FORMAT = dwarf;
				ENABLE_STRICT_OBJC_MSGSEND = YES;
				ENABLE_TESTABILITY = YES;
				GCC_C_LANGUAGE_STANDARD = gnu11;
				GCC_DYNAMIC_NO_PIC = NO;
				GCC_NO_COMMON_BLOCKS = YES;
				GCC_OPTIMIZATION_LEVEL = 0;
				GCC_PREPROCESSOR_DEFINITIONS = (
					"DEBUG=1",
					"$(inherited)",
				);
				GCC_WARN_64_TO_32_BIT_CONVERSION = YES;
				GCC_WARN_ABOUT_RETURN_TYPE = YES_ERROR;
				GCC_WARN_UNDECLARED_SELECTOR = YES;
				GCC_WARN_UNINITIALIZED_AUTOS = YES_AGGRESSIVE;
				GCC_WARN_UNUSED_FUNCTION = YES;
				GCC_WARN_UNUSED_VARIABLE = YES;
				IPHONEOS_DEPLOYMENT_TARGET = 11.0;
				MTL_ENABLE_DEBUG_INFO = YES;
				ONLY_ACTIVE_ARCH = YES;
				SDKROOT = iphoneos;
				SWIFT_ACTIVE_COMPILATION_CONDITIONS = DEBUG;
				SWIFT_OPTIMIZATION_LEVEL = "-Onone";
			};
			name = Debug;
		};
		CEAC4F061F4EB4CC00AA50B8 /* Release */ = {
			isa = XCBuildConfiguration;
			buildSettings = {
				ALWAYS_SEARCH_USER_PATHS = NO;
				CLANG_ANALYZER_NONNULL = YES;
				CLANG_ANALYZER_NUMBER_OBJECT_CONVERSION = YES_AGGRESSIVE;
				CLANG_CXX_LANGUAGE_STANDARD = "gnu++14";
				CLANG_CXX_LIBRARY = "libc++";
				CLANG_ENABLE_MODULES = YES;
				CLANG_ENABLE_OBJC_ARC = YES;
				CLANG_WARN_BLOCK_CAPTURE_AUTORELEASING = YES;
				CLANG_WARN_BOOL_CONVERSION = YES;
				CLANG_WARN_COMMA = YES;
				CLANG_WARN_CONSTANT_CONVERSION = YES;
				CLANG_WARN_DIRECT_OBJC_ISA_USAGE = YES_ERROR;
				CLANG_WARN_DOCUMENTATION_COMMENTS = YES;
				CLANG_WARN_EMPTY_BODY = YES;
				CLANG_WARN_ENUM_CONVERSION = YES;
				CLANG_WARN_INFINITE_RECURSION = YES;
				CLANG_WARN_INT_CONVERSION = YES;
				CLANG_WARN_NON_LITERAL_NULL_CONVERSION = YES;
				CLANG_WARN_OBJC_LITERAL_CONVERSION = YES;
				CLANG_WARN_OBJC_ROOT_CLASS = YES_ERROR;
				CLANG_WARN_RANGE_LOOP_ANALYSIS = YES;
				CLANG_WARN_STRICT_PROTOTYPES = YES;
				CLANG_WARN_SUSPICIOUS_MOVE = YES;
				CLANG_WARN_UNGUARDED_AVAILABILITY = YES_AGGRESSIVE;
				CLANG_WARN_UNREACHABLE_CODE = YES;
				CLANG_WARN__DUPLICATE_METHOD_MATCH = YES;
				CODE_SIGN_IDENTITY = "iPhone Developer";
				COPY_PHASE_STRIP = NO;
				DEBUG_INFORMATION_FORMAT = "dwarf-with-dsym";
				ENABLE_NS_ASSERTIONS = NO;
				ENABLE_STRICT_OBJC_MSGSEND = YES;
				GCC_C_LANGUAGE_STANDARD = gnu11;
				GCC_NO_COMMON_BLOCKS = YES;
				GCC_WARN_64_TO_32_BIT_CONVERSION = YES;
				GCC_WARN_ABOUT_RETURN_TYPE = YES_ERROR;
				GCC_WARN_UNDECLARED_SELECTOR = YES;
				GCC_WARN_UNINITIALIZED_AUTOS = YES_AGGRESSIVE;
				GCC_WARN_UNUSED_FUNCTION = YES;
				GCC_WARN_UNUSED_VARIABLE = YES;
				IPHONEOS_DEPLOYMENT_TARGET = 11.0;
				MTL_ENABLE_DEBUG_INFO = NO;
				SDKROOT = iphoneos;
				SWIFT_OPTIMIZATION_LEVEL = "-Owholemodule";
				VALIDATE_PRODUCT = YES;
			};
			name = Release;
		};
		CEAC4F081F4EB4CC00AA50B8 /* Debug */ = {
			isa = XCBuildConfiguration;
			buildSettings = {
				ASSETCATALOG_COMPILER_APPICON_NAME = AppIcon;
				CODE_SIGN_STYLE = Automatic;
				DEVELOPMENT_TEAM = 5ZJB9DN7AQ;
				INFOPLIST_FILE = ZeroSeconds/Info.plist;
				LD_RUNPATH_SEARCH_PATHS = "$(inherited) @executable_path/Frameworks";
				PRODUCT_BUNDLE_IDENTIFIER = com.ebarer.ZeroSeconds;
				PRODUCT_NAME = "$(TARGET_NAME)";
				SWIFT_VERSION = 4.0;
				TARGETED_DEVICE_FAMILY = "1,2";
			};
			name = Debug;
		};
		CEAC4F091F4EB4CC00AA50B8 /* Release */ = {
			isa = XCBuildConfiguration;
			buildSettings = {
				ASSETCATALOG_COMPILER_APPICON_NAME = AppIcon;
				CODE_SIGN_STYLE = Automatic;
				DEVELOPMENT_TEAM = 5ZJB9DN7AQ;
				INFOPLIST_FILE = ZeroSeconds/Info.plist;
				LD_RUNPATH_SEARCH_PATHS = "$(inherited) @executable_path/Frameworks";
				PRODUCT_BUNDLE_IDENTIFIER = com.ebarer.ZeroSeconds;
				PRODUCT_NAME = "$(TARGET_NAME)";
				SWIFT_VERSION = 4.0;
				TARGETED_DEVICE_FAMILY = "1,2";
			};
			name = Release;
		};
/* End XCBuildConfiguration section */

/* Begin XCConfigurationList section */
		CEAC4EEC1F4EB4CC00AA50B8 /* Build configuration list for PBXProject "ZeroSeconds" */ = {
			isa = XCConfigurationList;
			buildConfigurations = (
				CEAC4F051F4EB4CC00AA50B8 /* Debug */,
				CEAC4F061F4EB4CC00AA50B8 /* Release */,
			);
			defaultConfigurationIsVisible = 0;
			defaultConfigurationName = Release;
		};
		CEAC4F071F4EB4CC00AA50B8 /* Build configuration list for PBXNativeTarget "ZeroSeconds" */ = {
			isa = XCConfigurationList;
			buildConfigurations = (
				CEAC4F081F4EB4CC00AA50B8 /* Debug */,
				CEAC4F091F4EB4CC00AA50B8 /* Release */,
			);
			defaultConfigurationIsVisible = 0;
			defaultConfigurationName = Release;
		};
/* End XCConfigurationList section */
	};
	rootObject = CEAC4EE91F4EB4CC00AA50B8 /* Project object */;
}
